
Microsoft Visual Studio Solution File, Format Version 12.00
# Visual Studio Version 16
VisualStudioVersion = 16.0.29613.14
MinimumVisualStudioVersion = 10.0.40219.1
Project("{FAE04EC0-301F-11D3-BF4B-00C04F79EFBC}") = "Vocal-CLI", "Vocal-CLI\Vocal-CLI.csproj", "{06FBBC11-4FED-4D73-8C67-7428B6B68240}"
EndProject
Global
	GlobalSection(SolutionConfigurationPlatforms) = preSolution
		Debug|Any CPU = Debug|Any CPU
		Release|Any CPU = Release|Any CPU
	EndGlobalSection
	GlobalSection(ProjectConfigurationPlatforms) = postSolution
		{06FBBC11-4FED-4D73-8C67-7428B6B68240}.Debug|Any CPU.ActiveCfg = Debug|Any CPU
		{06FBBC11-4FED-4D73-8C67-7428B6B68240}.Debug|Any CPU.Build.0 = Debug|Any CPU
		{06FBBC11-4FED-4D73-8C67-7428B6B68240}.Release|Any CPU.ActiveCfg = Release|Any CPU
		{06FBBC11-4FED-4D73-8C67-7428B6B68240}.Release|Any CPU.Build.0 = Release|Any CPU
	EndGlobalSection
	GlobalSection(SolutionProperties) = preSolution
		HideSolutionNode = FALSE
	EndGlobalSection
	GlobalSection(ExtensibilityGlobals) = postSolution
		SolutionGuid = {CF5FD7BA-93DC-490A-946A-8B051AB2CC24}
	EndGlobalSection
EndGlobal
